// !$*UTF8*$!
{
	archiveVersion = 1;
	classes = {
	};
	objectVersion = 55;
	objects = {

/* Begin PBXBuildFile section */
		9B27C974285616980005ABF2 /* SettingsViewController.swift in Sources */ = {isa = PBXBuildFile; fileRef = 9B27C973285616980005ABF2 /* SettingsViewController.swift */; };
		9B27C9772858CE510005ABF2 /* PresenterManger .swift in Sources */ = {isa = PBXBuildFile; fileRef = 9B27C9762858CE510005ABF2 /* PresenterManger .swift */; };
		9B27C9792858D99D0005ABF2 /* OnboardingViewController.swift in Sources */ = {isa = PBXBuildFile; fileRef = 9B27C9782858D99D0005ABF2 /* OnboardingViewController.swift */; };
		9BB738FA2855058A00EF868F /* AppDelegate.swift in Sources */ = {isa = PBXBuildFile; fileRef = 9BB738F92855058A00EF868F /* AppDelegate.swift */; };
		9BB738FC2855058A00EF868F /* SceneDelegate.swift in Sources */ = {isa = PBXBuildFile; fileRef = 9BB738FB2855058A00EF868F /* SceneDelegate.swift */; };
		9BB739012855058A00EF868F /* Main.storyboard in Resources */ = {isa = PBXBuildFile; fileRef = 9BB738FF2855058A00EF868F /* Main.storyboard */; };
		9BB739032855058E00EF868F /* Assets.xcassets in Resources */ = {isa = PBXBuildFile; fileRef = 9BB739022855058E00EF868F /* Assets.xcassets */; };
		9BB739062855058E00EF868F /* LaunchScreen.storyboard in Resources */ = {isa = PBXBuildFile; fileRef = 9BB739042855058E00EF868F /* LaunchScreen.storyboard */; };
		9BB7390F28550BB000EF868F /* LoadingViewController.swift in Sources */ = {isa = PBXBuildFile; fileRef = 9BB7390E28550BB000EF868F /* LoadingViewController.swift */; };
		9BB739122856106100EF868F /* Helper.swift in Sources */ = {isa = PBXBuildFile; fileRef = 9BB739112856106100EF868F /* Helper.swift */; };
		9BB73914285611B900EF868F /* Constants.swift in Sources */ = {isa = PBXBuildFile; fileRef = 9BB73913285611B900EF868F /* Constants.swift */; };
		9BFE67B328593941002FEE00 /* Slide.swift in Sources */ = {isa = PBXBuildFile; fileRef = 9BFE67B228593941002FEE00 /* Slide.swift */; };
		9BFE67B628593D2B002FEE00 /* OnboardingCollectionViewCell.swift in Sources */ = {isa = PBXBuildFile; fileRef = 9BFE67B528593D2B002FEE00 /* OnboardingCollectionViewCell.swift */; };
/* End PBXBuildFile section */

/* Begin PBXFileReference section */
		9B27C973285616980005ABF2 /* SettingsViewController.swift */ = {isa = PBXFileReference; lastKnownFileType = sourcecode.swift; path = SettingsViewController.swift; sourceTree = "<group>"; };
		9B27C9762858CE510005ABF2 /* PresenterManger .swift */ = {isa = PBXFileReference; lastKnownFileType = sourcecode.swift; path = "PresenterManger .swift"; sourceTree = "<group>"; };
		9B27C9782858D99D0005ABF2 /* OnboardingViewController.swift */ = {isa = PBXFileReference; lastKnownFileType = sourcecode.swift; path = OnboardingViewController.swift; sourceTree = "<group>"; };
		9BB738F62855058A00EF868F /* Trafel.app */ = {isa = PBXFileReference; explicitFileType = wrapper.application; includeInIndex = 0; path = Trafel.app; sourceTree = BUILT_PRODUCTS_DIR; };
		9BB738F92855058A00EF868F /* AppDelegate.swift */ = {isa = PBXFileReference; lastKnownFileType = sourcecode.swift; path = AppDelegate.swift; sourceTree = "<group>"; };
		9BB738FB2855058A00EF868F /* SceneDelegate.swift */ = {isa = PBXFileReference; lastKnownFileType = sourcecode.swift; path = SceneDelegate.swift; sourceTree = "<group>"; };
		9BB739002855058A00EF868F /* Base */ = {isa = PBXFileReference; lastKnownFileType = file.storyboard; name = Base; path = Base.lproj/Main.storyboard; sourceTree = "<group>"; };
		9BB739022855058E00EF868F /* Assets.xcassets */ = {isa = PBXFileReference; lastKnownFileType = folder.assetcatalog; path = Assets.xcassets; sourceTree = "<group>"; };
		9BB739052855058E00EF868F /* Base */ = {isa = PBXFileReference; lastKnownFileType = file.storyboard; name = Base; path = Base.lproj/LaunchScreen.storyboard; sourceTree = "<group>"; };
		9BB739072855058E00EF868F /* Info.plist */ = {isa = PBXFileReference; lastKnownFileType = text.plist.xml; path = Info.plist; sourceTree = "<group>"; };
		9BB7390E28550BB000EF868F /* LoadingViewController.swift */ = {isa = PBXFileReference; lastKnownFileType = sourcecode.swift; path = LoadingViewController.swift; sourceTree = "<group>"; };
		9BB739112856106100EF868F /* Helper.swift */ = {isa = PBXFileReference; lastKnownFileType = sourcecode.swift; path = Helper.swift; sourceTree = "<group>"; };
		9BB73913285611B900EF868F /* Constants.swift */ = {isa = PBXFileReference; lastKnownFileType = sourcecode.swift; path = Constants.swift; sourceTree = "<group>"; };
		9BFE67B228593941002FEE00 /* Slide.swift */ = {isa = PBXFileReference; lastKnownFileType = sourcecode.swift; path = Slide.swift; sourceTree = "<group>"; };
		9BFE67B528593D2B002FEE00 /* OnboardingCollectionViewCell.swift */ = {isa = PBXFileReference; lastKnownFileType = sourcecode.swift; path = OnboardingCollectionViewCell.swift; sourceTree = "<group>"; };
/* End PBXFileReference section */

/* Begin PBXFrameworksBuildPhase section */
		9BB738F32855058A00EF868F /* Frameworks */ = {
			isa = PBXFrameworksBuildPhase;
			buildActionMask = 2147483647;
			files = (
			);
			runOnlyForDeploymentPostprocessing = 0;
		};
/* End PBXFrameworksBuildPhase section */

/* Begin PBXGroup section */
		9B27C9752858CE380005ABF2 /* Manager */ = {
			isa = PBXGroup;
			children = (
				9B27C9762858CE510005ABF2 /* PresenterManger .swift */,
			);
			path = Manager;
			sourceTree = "<group>";
		};
		9BB738ED2855058A00EF868F = {
			isa = PBXGroup;
			children = (
				9BB738F82855058A00EF868F /* Trafel */,
				9BB738F72855058A00EF868F /* Products */,
			);
			sourceTree = "<group>";
		};
		9BB738F72855058A00EF868F /* Products */ = {
			isa = PBXGroup;
			children = (
				9BB738F62855058A00EF868F /* Trafel.app */,
			);
			name = Products;
			sourceTree = "<group>";
		};
		9BB738F82855058A00EF868F /* Trafel */ = {
			isa = PBXGroup;
			children = (
				9BFE67B428593CFA002FEE00 /* views */,
				9BFE67B128593936002FEE00 /* models */,
				9B27C9752858CE380005ABF2 /* Manager */,
				9BB739102856105400EF868F /* helper */,
				9BB7390D28550B9000EF868F /* Controllers */,
				9BB738F92855058A00EF868F /* AppDelegate.swift */,
				9BB738FB2855058A00EF868F /* SceneDelegate.swift */,
				9BB738FF2855058A00EF868F /* Main.storyboard */,
				9BB739022855058E00EF868F /* Assets.xcassets */,
				9BB739042855058E00EF868F /* LaunchScreen.storyboard */,
				9BB739072855058E00EF868F /* Info.plist */,
			);
			path = Trafel;
			sourceTree = "<group>";
		};
		9BB7390D28550B9000EF868F /* Controllers */ = {
			isa = PBXGroup;
			children = (
				9BB7390E28550BB000EF868F /* LoadingViewController.swift */,
				9B27C973285616980005ABF2 /* SettingsViewController.swift */,
				9B27C9782858D99D0005ABF2 /* OnboardingViewController.swift */,
			);
			path = Controllers;
			sourceTree = "<group>";
		};
		9BB739102856105400EF868F /* helper */ = {
			isa = PBXGroup;
			children = (
				9BB739112856106100EF868F /* Helper.swift */,
				9BB73913285611B900EF868F /* Constants.swift */,
			);
			path = helper;
			sourceTree = "<group>";
		};
		9BFE67B128593936002FEE00 /* models */ = {
			isa = PBXGroup;
			children = (
				9BFE67B228593941002FEE00 /* Slide.swift */,
			);
			path = models;
			sourceTree = "<group>";
		};
		9BFE67B428593CFA002FEE00 /* views */ = {
			isa = PBXGroup;
			children = (
				9BFE67B528593D2B002FEE00 /* OnboardingCollectionViewCell.swift */,
			);
			path = views;
			sourceTree = "<group>";
		};
/* End PBXGroup section */

/* Begin PBXNativeTarget section */
		9BB738F52855058A00EF868F /* Trafel */ = {
			isa = PBXNativeTarget;
			buildConfigurationList = 9BB7390A2855058E00EF868F /* Build configuration list for PBXNativeTarget "Trafel" */;
			buildPhases = (
				9BB738F22855058A00EF868F /* Sources */,
				9BB738F32855058A00EF868F /* Frameworks */,
				9BB738F42855058A00EF868F /* Resources */,
			);
			buildRules = (
			);
			dependencies = (
			);
			name = Trafel;
			productName = Trafel;
			productReference = 9BB738F62855058A00EF868F /* Trafel.app */;
			productType = "com.apple.product-type.application";
		};
/* End PBXNativeTarget section */

/* Begin PBXProject section */
		9BB738EE2855058A00EF868F /* Project object */ = {
			isa = PBXProject;
			attributes = {
				BuildIndependentTargetsInParallel = 1;
				LastSwiftUpdateCheck = 1340;
				LastUpgradeCheck = 1340;
				TargetAttributes = {
					9BB738F52855058A00EF868F = {
						CreatedOnToolsVersion = 13.4.1;
					};
				};
			};
			buildConfigurationList = 9BB738F12855058A00EF868F /* Build configuration list for PBXProject "Trafel" */;
			compatibilityVersion = "Xcode 13.0";
			developmentRegion = en;
			hasScannedForEncodings = 0;
			knownRegions = (
				en,
				Base,
			);
			mainGroup = 9BB738ED2855058A00EF868F;
			productRefGroup = 9BB738F72855058A00EF868F /* Products */;
			projectDirPath = "";
			projectRoot = "";
			targets = (
				9BB738F52855058A00EF868F /* Trafel */,
			);
		};
/* End PBXProject section */

/* Begin PBXResourcesBuildPhase section */
		9BB738F42855058A00EF868F /* Resources */ = {
			isa = PBXResourcesBuildPhase;
			buildActionMask = 2147483647;
			files = (
				9BB739062855058E00EF868F /* LaunchScreen.storyboard in Resources */,
				9BB739032855058E00EF868F /* Assets.xcassets in Resources */,
				9BB739012855058A00EF868F /* Main.storyboard in Resources */,
			);
			runOnlyForDeploymentPostprocessing = 0;
		};
/* End PBXResourcesBuildPhase section */

/* Begin PBXSourcesBuildPhase section */
		9BB738F22855058A00EF868F /* Sources */ = {
			isa = PBXSourcesBuildPhase;
			buildActionMask = 2147483647;
			files = (
				9BB73914285611B900EF868F /* Constants.swift in Sources */,
				9B27C9772858CE510005ABF2 /* PresenterManger .swift in Sources */,
				9BB738FA2855058A00EF868F /* AppDelegate.swift in Sources */,
				9B27C9792858D99D0005ABF2 /* OnboardingViewController.swift in Sources */,
				9BB738FC2855058A00EF868F /* SceneDelegate.swift in Sources */,
				9BB7390F28550BB000EF868F /* LoadingViewController.swift in Sources */,
				9BFE67B328593941002FEE00 /* Slide.swift in Sources */,
				9BFE67B628593D2B002FEE00 /* OnboardingCollectionViewCell.swift in Sources */,
				9BB739122856106100EF868F /* Helper.swift in Sources */,
				9B27C974285616980005ABF2 /* SettingsViewController.swift in Sources */,
			);
			runOnlyForDeploymentPostprocessing = 0;
		};
/* End PBXSourcesBuildPhase section */

/* Begin PBXVariantGroup section */
		9BB738FF2855058A00EF868F /* Main.storyboard */ = {
			isa = PBXVariantGroup;
			children = (
				9BB739002855058A00EF868F /* Base */,
			);
			name = Main.storyboard;
			sourceTree = "<group>";
		};
		9BB739042855058E00EF868F /* LaunchScreen.storyboard */ = {
			isa = PBXVariantGroup;
			children = (
				9BB739052855058E00EF868F /* Base */,
			);
			name = LaunchScreen.storyboard;
			sourceTree = "<group>";
		};
/* End PBXVariantGroup section */

/* Begin XCBuildConfiguration section */
		9BB739082855058E00EF868F /* Debug */ = {
			isa = XCBuildConfiguration;
			buildSettings = {
				ALWAYS_SEARCH_USER_PATHS = NO;
				CLANG_ANALYZER_NONNULL = YES;
				CLANG_ANALYZER_NUMBER_OBJECT_CONVERSION = YES_AGGRESSIVE;
				CLANG_CXX_LANGUAGE_STANDARD = "gnu++17";
				CLANG_ENABLE_MODULES = YES;
				CLANG_ENABLE_OBJC_ARC = YES;
				CLANG_ENABLE_OBJC_WEAK = YES;
				CLANG_WARN_BLOCK_CAPTURE_AUTORELEASING = YES;
				CLANG_WARN_BOOL_CONVERSION = YES;
				CLANG_WARN_COMMA = YES;
				CLANG_WARN_CONSTANT_CONVERSION = YES;
				CLANG_WARN_DEPRECATED_OBJC_IMPLEMENTATIONS = YES;
				CLANG_WARN_DIRECT_OBJC_ISA_USAGE = YES_ERROR;
				CLANG_WARN_DOCUMENTATION_COMMENTS = YES;
				CLANG_WARN_EMPTY_BODY = YES;
				CLANG_WARN_ENUM_CONVERSION = YES;
				CLANG_WARN_INFINITE_RECURSION = YES;
				CLANG_WARN_INT_CONVERSION = YES;
				CLANG_WARN_NON_LITERAL_NULL_CONVERSION = YES;
				CLANG_WARN_OBJC_IMPLICIT_RETAIN_SELF = YES;
				CLANG_WARN_OBJC_LITERAL_CONVERSION = YES;
				CLANG_WARN_OBJC_ROOT_CLASS = YES_ERROR;
				CLANG_WARN_QUOTED_INCLUDE_IN_FRAMEWORK_HEADER = YES;
				CLANG_WARN_RANGE_LOOP_ANALYSIS = YES;
				CLANG_WARN_STRICT_PROTOTYPES = YES;
				CLANG_WARN_SUSPICIOUS_MOVE = YES;
				CLANG_WARN_UNGUARDED_AVAILABILITY = YES_AGGRESSIVE;
				CLANG_WARN_UNREACHABLE_CODE = YES;
				CLANG_WARN__DUPLICATE_METHOD_MATCH = YES;
				COPY_PHASE_STRIP = NO;
				DEBUG_INFORMATION_FORMAT = dwarf;
				ENABLE_STRICT_OBJC_MSGSEND = YES;
				ENABLE_TESTABILITY = YES;
				GCC_C_LANGUAGE_STANDARD = gnu11;
				GCC_DYNAMIC_NO_PIC = NO;
				GCC_NO_COMMON_BLOCKS = YES;
				GCC_OPTIMIZATION_LEVEL = 0;
				GCC_PREPROCESSOR_DEFINITIONS = (
					"DEBUG=1",
					"$(inherited)",
				);
				GCC_WARN_64_TO_32_BIT_CONVERSION = YES;
				GCC_WARN_ABOUT_RETURN_TYPE = YES_ERROR;
				GCC_WARN_UNDECLARED_SELECTOR = YES;
				GCC_WARN_UNINITIALIZED_AUTOS = YES_AGGRESSIVE;
				GCC_WARN_UNUSED_FUNCTION = YES;
				GCC_WARN_UNUSED_VARIABLE = YES;
				IPHONEOS_DEPLOYMENT_TARGET = 15.5;
				MTL_ENABLE_DEBUG_INFO = INCLUDE_SOURCE;
				MTL_FAST_MATH = YES;
				ONLY_ACTIVE_ARCH = YES;
				SDKROOT = iphoneos;
				SWIFT_ACTIVE_COMPILATION_CONDITIONS = DEBUG;
				SWIFT_OPTIMIZATION_LEVEL = "-Onone";
			};
			name = Debug;
		};
		9BB739092855058E00EF868F /* Release */ = {
			isa = XCBuildConfiguration;
			buildSettings = {
				ALWAYS_SEARCH_USER_PATHS = NO;
				CLANG_ANALYZER_NONNULL = YES;
				CLANG_ANALYZER_NUMBER_OBJECT_CONVERSION = YES_AGGRESSIVE;
				CLANG_CXX_LANGUAGE_STANDARD = "gnu++17";
				CLANG_ENABLE_MODULES = YES;
				CLANG_ENABLE_OBJC_ARC = YES;
				CLANG_ENABLE_OBJC_WEAK = YES;
				CLANG_WARN_BLOCK_CAPTURE_AUTORELEASING = YES;
				CLANG_WARN_BOOL_CONVERSION = YES;
				CLANG_WARN_COMMA = YES;
				CLANG_WARN_CONSTANT_CONVERSION = YES;
				CLANG_WARN_DEPRECATED_OBJC_IMPLEMENTATIONS = YES;
				CLANG_WARN_DIRECT_OBJC_ISA_USAGE = YES_ERROR;
				CLANG_WARN_DOCUMENTATION_COMMENTS = YES;
				CLANG_WARN_EMPTY_BODY = YES;
				CLANG_WARN_ENUM_CONVERSION = YES;
				CLANG_WARN_INFINITE_RECURSION = YES;
				CLANG_WARN_INT_CONVERSION = YES;
				CLANG_WARN_NON_LITERAL_NULL_CONVERSION = YES;
				CLANG_WARN_OBJC_IMPLICIT_RETAIN_SELF = YES;
				CLANG_WARN_OBJC_LITERAL_CONVERSION = YES;
				CLANG_WARN_OBJC_ROOT_CLASS = YES_ERROR;
				CLANG_WARN_QUOTED_INCLUDE_IN_FRAMEWORK_HEADER = YES;
				CLANG_WARN_RANGE_LOOP_ANALYSIS = YES;
				CLANG_WARN_STRICT_PROTOTYPES = YES;
				CLANG_WARN_SUSPICIOUS_MOVE = YES;
				CLANG_WARN_UNGUARDED_AVAILABILITY = YES_AGGRESSIVE;
				CLANG_WARN_UNREACHABLE_CODE = YES;
				CLANG_WARN__DUPLICATE_METHOD_MATCH = YES;
				COPY_PHASE_STRIP = NO;
				DEBUG_INFORMATION_FORMAT = "dwarf-with-dsym";
				ENABLE_NS_ASSERTIONS = NO;
				ENABLE_STRICT_OBJC_MSGSEND = YES;
				GCC_C_LANGUAGE_STANDARD = gnu11;
				GCC_NO_COMMON_BLOCKS = YES;
				GCC_WARN_64_TO_32_BIT_CONVERSION = YES;
				GCC_WARN_ABOUT_RETURN_TYPE = YES_ERROR;
				GCC_WARN_UNDECLARED_SELECTOR = YES;
				GCC_WARN_UNINITIALIZED_AUTOS = YES_AGGRESSIVE;
				GCC_WARN_UNUSED_FUNCTION = YES;
				GCC_WARN_UNUSED_VARIABLE = YES;
				IPHONEOS_DEPLOYMENT_TARGET = 15.5;
				MTL_ENABLE_DEBUG_INFO = NO;
				MTL_FAST_MATH = YES;
				SDKROOT = iphoneos;
				SWIFT_COMPILATION_MODE = wholemodule;
				SWIFT_OPTIMIZATION_LEVEL = "-O";
				VALIDATE_PRODUCT = YES;
			};
			name = Release;
		};
		9BB7390B2855058E00EF868F /* Debug */ = {
			isa = XCBuildConfiguration;
			buildSettings = {
				ASSETCATALOG_COMPILER_APPICON_NAME = AppIcon;
				ASSETCATALOG_COMPILER_GLOBAL_ACCENT_COLOR_NAME = AccentColor;
				CODE_SIGN_STYLE = Automatic;
				CURRENT_PROJECT_VERSION = 1;
				DEVELOPMENT_TEAM = JUG5Q2JKZC;
				GENERATE_INFOPLIST_FILE = YES;
				INFOPLIST_FILE = Trafel/Info.plist;
				INFOPLIST_KEY_UIApplicationSupportsIndirectInputEvents = YES;
				INFOPLIST_KEY_UILaunchStoryboardName = LaunchScreen;
				INFOPLIST_KEY_UIMainStoryboardFile = Main;
				INFOPLIST_KEY_UISupportedInterfaceOrientations_iPad = "UIInterfaceOrientationPortrait UIInterfaceOrientationPortraitUpsideDown UIInterfaceOrientationLandscapeLeft UIInterfaceOrientationLandscapeRight";
				INFOPLIST_KEY_UISupportedInterfaceOrientations_iPhone = "UIInterfaceOrientationPortrait UIInterfaceOrientationLandscapeLeft UIInterfaceOrientationLandscapeRight";
				LD_RUNPATH_SEARCH_PATHS = (
					"$(inherited)",
					"@executable_path/Frameworks",
				);
				MARKETING_VERSION = 1.0;
				PRODUCT_BUNDLE_IDENTIFIER = com.app.swift.Trafel;
				PRODUCT_NAME = "$(TARGET_NAME)";
				SWIFT_EMIT_LOC_STRINGS = YES;
				SWIFT_VERSION = 5.0;
				TARGETED_DEVICE_FAMILY = "1,2";
			};
			name = Debug;
		};
		9BB7390C2855058E00EF868F /* Release */ = {
			isa = XCBuildConfiguration;
			buildSettings = {
				ASSETCATALOG_COMPILER_APPICON_NAME = AppIcon;
				ASSETCATALOG_COMPILER_GLOBAL_ACCENT_COLOR_NAME = AccentColor;
				CODE_SIGN_STYLE = Automatic;
				CURRENT_PROJECT_VERSION = 1;
				DEVELOPMENT_TEAM = JUG5Q2JKZC;
				GENERATE_INFOPLIST_FILE = YES;
				INFOPLIST_FILE = Trafel/Info.plist;
				INFOPLIST_KEY_UIApplicationSupportsIndirectInputEvents = YES;
				INFOPLIST_KEY_UILaunchStoryboardName = LaunchScreen;
				INFOPLIST_KEY_UIMainStoryboardFile = Main;
				INFOPLIST_KEY_UISupportedInterfaceOrientations_iPad = "UIInterfaceOrientationPortrait UIInterfaceOrientationPortraitUpsideDown UIInterfaceOrientationLandscapeLeft UIInterfaceOrientationLandscapeRight";
				INFOPLIST_KEY_UISupportedInterfaceOrientations_iPhone = "UIInterfaceOrientationPortrait UIInterfaceOrientationLandscapeLeft UIInterfaceOrientationLandscapeRight";
				LD_RUNPATH_SEARCH_PATHS = (
					"$(inherited)",
					"@executable_path/Frameworks",
				);
				MARKETING_VERSION = 1.0;
				PRODUCT_BUNDLE_IDENTIFIER = com.app.swift.Trafel;
				PRODUCT_NAME = "$(TARGET_NAME)";
				SWIFT_EMIT_LOC_STRINGS = YES;
				SWIFT_VERSION = 5.0;
				TARGETED_DEVICE_FAMILY = "1,2";
			};
			name = Release;
		};
/* End XCBuildConfiguration section */

/* Begin XCConfigurationList section */
		9BB738F12855058A00EF868F /* Build configuration list for PBXProject "Trafel" */ = {
			isa = XCConfigurationList;
			buildConfigurations = (
				9BB739082855058E00EF868F /* Debug */,
				9BB739092855058E00EF868F /* Release */,
			);
			defaultConfigurationIsVisible = 0;
			defaultConfigurationName = Release;
		};
		9BB7390A2855058E00EF868F /* Build configuration list for PBXNativeTarget "Trafel" */ = {
			isa = XCConfigurationList;
			buildConfigurations = (
				9BB7390B2855058E00EF868F /* Debug */,
				9BB7390C2855058E00EF868F /* Release */,
			);
			defaultConfigurationIsVisible = 0;
			defaultConfigurationName = Release;
		};
/* End XCConfigurationList section */
	};
	rootObject = 9BB738EE2855058A00EF868F /* Project object */;
}
